
Microsoft Visual Studio Solution File, Format Version 12.00
# Visual Studio Version 17
VisualStudioVersion = 17.9.34701.34
MinimumVisualStudioVersion = 10.0.40219.1
Project("{2150E333-8FDC-42A3-9474-1A3956D46DE8}") = "_Solution Items", "_Solution Items", "{1BF72BE4-3F51-462F-807B-DC9C87C5109C}"
	ProjectSection(SolutionItems) = preProject
		Directory.Build.props = Directory.Build.props
		README.md = README.md
		src\Nullable.cs = src\Nullable.cs
		Directory.Build.targets = Directory.Build.targets
	EndProjectSection
EndProject
Project("{2150E333-8FDC-42A3-9474-1A3956D46DE8}") = "Hosting", "Hosting", "{8BA73C9C-4630-4BC0-BE76-F867B00B3BD7}"
	ProjectSection(SolutionItems) = preProject
		src\Hosting\README.md = src\Hosting\README.md
	EndProjectSection
EndProject
Project("{9A19103F-16F7-4668-BE54-9A1E7A4F7556}") = "ClickView.Extensions.Hosting", "src\Hosting\Hosting\src\ClickView.Extensions.Hosting.csproj", "{BA4D7C3E-0A6C-48B9-9D7A-B8B8441B6716}"
EndProject
Project("{2150E333-8FDC-42A3-9474-1A3956D46DE8}") = "Primitives", "Primitives", "{948DB1B5-4AD4-42AF-B838-96F3BCBCFED8}"
EndProject
Project("{9A19103F-16F7-4668-BE54-9A1E7A4F7556}") = "ClickView.Extensions.Primitives", "src\Primitives\Primitives\src\ClickView.Extensions.Primitives.csproj", "{C12A9ABD-38DE-4538-B911-2E75FEC891BB}"
EndProject
Project("{2150E333-8FDC-42A3-9474-1A3956D46DE8}") = "Utilities", "Utilities", "{682EFFC0-8C26-455C-B785-4B4C8250E0C5}"
EndProject
Project("{9A19103F-16F7-4668-BE54-9A1E7A4F7556}") = "ClickView.Extensions.Utilities", "src\Utilities\Utilities\src\ClickView.Extensions.Utilities.csproj", "{BFC8BEF3-24D4-42FA-AFC3-0AC96B39E2CD}"
EndProject
Project("{9A19103F-16F7-4668-BE54-9A1E7A4F7556}") = "ClickView.Extensions.Primitives.Tests", "src\Primitives\Primitives\test\ClickView.Extensions.Primitives.Tests.csproj", "{F86C5BEF-3F30-4E99-B81C-A82828F2F1E2}"
EndProject
Project("{9A19103F-16F7-4668-BE54-9A1E7A4F7556}") = "ClickView.Extensions.Utilities.Tests", "src\Utilities\Utilities\test\ClickView.Extensions.Utilities.Tests\ClickView.Extensions.Utilities.Tests.csproj", "{6407F7D8-EC95-4720-9AF0-FA16E1D9CF2A}"
EndProject
Project("{2150E333-8FDC-42A3-9474-1A3956D46DE8}") = "Events", "Events", "{B674D345-87D0-4B7D-A32A-0E94ABFC30D1}"
	ProjectSection(SolutionItems) = preProject
		src\Events\README.md = src\Events\README.md
	EndProjectSection
EndProject
Project("{9A19103F-16F7-4668-BE54-9A1E7A4F7556}") = "ClickView.Extensions.Events", "src\Events\Events\src\ClickView.Extensions.Events.csproj", "{A2E57ACC-8FA0-4FEA-8B5E-DEDADAEE32EA}"
EndProject
Project("{9A19103F-16F7-4668-BE54-9A1E7A4F7556}") = "ClickView.Extensions.Events.Tests", "src\Events\Events\test\ClickView.Extensions.Events.Tests.csproj", "{8D4AF90F-E730-4DD3-94D4-9307CFC9318E}"
EndProject
Project("{2150E333-8FDC-42A3-9474-1A3956D46DE8}") = "RestClient", "RestClient", "{BD0881FC-4083-49F5-B108-2205C691A9E4}"
	ProjectSection(SolutionItems) = preProject
		src\RestClient\README.md = src\RestClient\README.md
	EndProjectSection
EndProject
Project("{9A19103F-16F7-4668-BE54-9A1E7A4F7556}") = "ClickView.Extensions.RestClient", "src\RestClient\RestClient\src\ClickView.Extensions.RestClient.csproj", "{16B2EFBD-A7DF-4A3E-9FC6-1AF1F60E8B10}"
EndProject
Project("{2150E333-8FDC-42A3-9474-1A3956D46DE8}") = "Authenticators", "Authenticators", "{438F1A9E-539F-4974-A60E-FEB2D48DBAF2}"
EndProject
Project("{9A19103F-16F7-4668-BE54-9A1E7A4F7556}") = "ClickView.Extensions.RestClient.Authenticators.OAuth", "src\RestClient\Authenticators\OAuth\src\ClickView.Extensions.RestClient.Authenticators.OAuth.csproj", "{29CC0760-FF46-4BF6-AB39-C8F51A7B6020}"
EndProject
Project("{2150E333-8FDC-42A3-9474-1A3956D46DE8}") = "OAuth", "OAuth", "{1F86755A-71B2-4D6B-9F65-819B371F85C6}"
	ProjectSection(SolutionItems) = preProject
		src\RestClient\Authenticators\OAuth\README.md = src\RestClient\Authenticators\OAuth\README.md
	EndProjectSection
EndProject
Project("{9A19103F-16F7-4668-BE54-9A1E7A4F7556}") = "ClickView.Extensions.RestClient.Authenticators.OAuth.Tests", "src\RestClient\Authenticators\OAuth\test\ClickView.Extensions.RestClient.Authenticators.OAuth.Tests.csproj", "{666CEABE-5916-4376-B819-4F4067CC5990}"
EndProject
Project("{2150E333-8FDC-42A3-9474-1A3956D46DE8}") = "examples", "examples", "{810A919C-D223-4F08-B70B-AB6F2BEC63CF}"
EndProject
Project("{9A19103F-16F7-4668-BE54-9A1E7A4F7556}") = "ExampleClient", "src\RestClient\examples\ExampleClient\ExampleClient.csproj", "{22E54E3B-D379-40D5-A6BA-0D7AF6BA6799}"
EndProject
Project("{2150E333-8FDC-42A3-9474-1A3956D46DE8}") = "AspNetCore", "AspNetCore", "{39706C76-5265-4D07-8D6A-4294814E4482}"
	ProjectSection(SolutionItems) = preProject
		src\RestClient\Authenticators\OAuth.AspNetCore\README.md = src\RestClient\Authenticators\OAuth.AspNetCore\README.md
	EndProjectSection
EndProject
Project("{9A19103F-16F7-4668-BE54-9A1E7A4F7556}") = "ClickView.Extensions.RestClient.Authenticators.OAuth.AspNetCore", "src\RestClient\Authenticators\OAuth.AspNetCore\src\ClickView.Extensions.RestClient.Authenticators.OAuth.AspNetCore.csproj", "{10FB57EF-0737-4EAC-A6B9-372B15A6B85C}"
EndProject
Project("{9A19103F-16F7-4668-BE54-9A1E7A4F7556}") = "ClickView.Extensions.RestClient.Tests", "src\RestClient\RestClient\test\ClickView.Extensions.RestClient.Tests.csproj", "{051B6555-18CA-45A6-984A-BC0818432A20}"
EndProject
Project("{FAE04EC0-301F-11D3-BF4B-00C04F79EFBC}") = "ClickView.Extensions.Hosting.Tests", "src\Hosting\Hosting\test\ClickView.Extensions.Hosting.Tests\ClickView.Extensions.Hosting.Tests.csproj", "{BA285C45-9D1B-4CE7-BF97-972A4D0D8377}"
EndProject
Project("{2150E333-8FDC-42A3-9474-1A3956D46DE8}") = "GitHub", "GitHub", "{3EC7C90F-B1E3-4D7E-A98A-925F822E2A03}"
	ProjectSection(SolutionItems) = preProject
		.github\workflows\build.yaml = .github\workflows\build.yaml
		.github\workflows\release.yaml = .github\workflows\release.yaml
		.github\dependabot.yml = .github\dependabot.yml
	EndProjectSection
EndProject
Global
	GlobalSection(SolutionConfigurationPlatforms) = preSolution
		Debug|Any CPU = Debug|Any CPU
		Release|Any CPU = Release|Any CPU
	EndGlobalSection
	GlobalSection(ProjectConfigurationPlatforms) = postSolution
		{BA4D7C3E-0A6C-48B9-9D7A-B8B8441B6716}.Debug|Any CPU.ActiveCfg = Debug|Any CPU
		{BA4D7C3E-0A6C-48B9-9D7A-B8B8441B6716}.Debug|Any CPU.Build.0 = Debug|Any CPU
		{BA4D7C3E-0A6C-48B9-9D7A-B8B8441B6716}.Release|Any CPU.ActiveCfg = Release|Any CPU
		{BA4D7C3E-0A6C-48B9-9D7A-B8B8441B6716}.Release|Any CPU.Build.0 = Release|Any CPU
		{C12A9ABD-38DE-4538-B911-2E75FEC891BB}.Debug|Any CPU.ActiveCfg = Debug|Any CPU
		{C12A9ABD-38DE-4538-B911-2E75FEC891BB}.Debug|Any CPU.Build.0 = Debug|Any CPU
		{C12A9ABD-38DE-4538-B911-2E75FEC891BB}.Release|Any CPU.ActiveCfg = Release|Any CPU
		{C12A9ABD-38DE-4538-B911-2E75FEC891BB}.Release|Any CPU.Build.0 = Release|Any CPU
		{BFC8BEF3-24D4-42FA-AFC3-0AC96B39E2CD}.Debug|Any CPU.ActiveCfg = Debug|Any CPU
		{BFC8BEF3-24D4-42FA-AFC3-0AC96B39E2CD}.Debug|Any CPU.Build.0 = Debug|Any CPU
		{BFC8BEF3-24D4-42FA-AFC3-0AC96B39E2CD}.Release|Any CPU.ActiveCfg = Release|Any CPU
		{BFC8BEF3-24D4-42FA-AFC3-0AC96B39E2CD}.Release|Any CPU.Build.0 = Release|Any CPU
		{F86C5BEF-3F30-4E99-B81C-A82828F2F1E2}.Debug|Any CPU.ActiveCfg = Debug|Any CPU
		{F86C5BEF-3F30-4E99-B81C-A82828F2F1E2}.Debug|Any CPU.Build.0 = Debug|Any CPU
		{F86C5BEF-3F30-4E99-B81C-A82828F2F1E2}.Release|Any CPU.ActiveCfg = Release|Any CPU
		{F86C5BEF-3F30-4E99-B81C-A82828F2F1E2}.Release|Any CPU.Build.0 = Release|Any CPU
		{6407F7D8-EC95-4720-9AF0-FA16E1D9CF2A}.Debug|Any CPU.ActiveCfg = Debug|Any CPU
		{6407F7D8-EC95-4720-9AF0-FA16E1D9CF2A}.Debug|Any CPU.Build.0 = Debug|Any CPU
		{6407F7D8-EC95-4720-9AF0-FA16E1D9CF2A}.Release|Any CPU.ActiveCfg = Release|Any CPU
		{6407F7D8-EC95-4720-9AF0-FA16E1D9CF2A}.Release|Any CPU.Build.0 = Release|Any CPU
		{A2E57ACC-8FA0-4FEA-8B5E-DEDADAEE32EA}.Debug|Any CPU.ActiveCfg = Debug|Any CPU
		{A2E57ACC-8FA0-4FEA-8B5E-DEDADAEE32EA}.Debug|Any CPU.Build.0 = Debug|Any CPU
		{A2E57ACC-8FA0-4FEA-8B5E-DEDADAEE32EA}.Release|Any CPU.ActiveCfg = Release|Any CPU
		{A2E57ACC-8FA0-4FEA-8B5E-DEDADAEE32EA}.Release|Any CPU.Build.0 = Release|Any CPU
		{8D4AF90F-E730-4DD3-94D4-9307CFC9318E}.Debug|Any CPU.ActiveCfg = Debug|Any CPU
		{8D4AF90F-E730-4DD3-94D4-9307CFC9318E}.Debug|Any CPU.Build.0 = Debug|Any CPU
		{8D4AF90F-E730-4DD3-94D4-9307CFC9318E}.Release|Any CPU.ActiveCfg = Release|Any CPU
		{8D4AF90F-E730-4DD3-94D4-9307CFC9318E}.Release|Any CPU.Build.0 = Release|Any CPU
		{16B2EFBD-A7DF-4A3E-9FC6-1AF1F60E8B10}.Debug|Any CPU.ActiveCfg = Debug|Any CPU
		{16B2EFBD-A7DF-4A3E-9FC6-1AF1F60E8B10}.Debug|Any CPU.Build.0 = Debug|Any CPU
		{16B2EFBD-A7DF-4A3E-9FC6-1AF1F60E8B10}.Release|Any CPU.ActiveCfg = Release|Any CPU
		{16B2EFBD-A7DF-4A3E-9FC6-1AF1F60E8B10}.Release|Any CPU.Build.0 = Release|Any CPU
		{29CC0760-FF46-4BF6-AB39-C8F51A7B6020}.Debug|Any CPU.ActiveCfg = Debug|Any CPU
		{29CC0760-FF46-4BF6-AB39-C8F51A7B6020}.Debug|Any CPU.Build.0 = Debug|Any CPU
		{29CC0760-FF46-4BF6-AB39-C8F51A7B6020}.Release|Any CPU.ActiveCfg = Release|Any CPU
		{29CC0760-FF46-4BF6-AB39-C8F51A7B6020}.Release|Any CPU.Build.0 = Release|Any CPU
		{666CEABE-5916-4376-B819-4F4067CC5990}.Debug|Any CPU.ActiveCfg = Debug|Any CPU
		{666CEABE-5916-4376-B819-4F4067CC5990}.Debug|Any CPU.Build.0 = Debug|Any CPU
		{666CEABE-5916-4376-B819-4F4067CC5990}.Release|Any CPU.ActiveCfg = Release|Any CPU
		{666CEABE-5916-4376-B819-4F4067CC5990}.Release|Any CPU.Build.0 = Release|Any CPU
		{22E54E3B-D379-40D5-A6BA-0D7AF6BA6799}.Debug|Any CPU.ActiveCfg = Debug|Any CPU
		{22E54E3B-D379-40D5-A6BA-0D7AF6BA6799}.Debug|Any CPU.Build.0 = Debug|Any CPU
		{22E54E3B-D379-40D5-A6BA-0D7AF6BA6799}.Release|Any CPU.ActiveCfg = Release|Any CPU
		{22E54E3B-D379-40D5-A6BA-0D7AF6BA6799}.Release|Any CPU.Build.0 = Release|Any CPU
		{10FB57EF-0737-4EAC-A6B9-372B15A6B85C}.Debug|Any CPU.ActiveCfg = Debug|Any CPU
		{10FB57EF-0737-4EAC-A6B9-372B15A6B85C}.Debug|Any CPU.Build.0 = Debug|Any CPU
		{10FB57EF-0737-4EAC-A6B9-372B15A6B85C}.Release|Any CPU.ActiveCfg = Release|Any CPU
		{10FB57EF-0737-4EAC-A6B9-372B15A6B85C}.Release|Any CPU.Build.0 = Release|Any CPU
		{051B6555-18CA-45A6-984A-BC0818432A20}.Debug|Any CPU.ActiveCfg = Debug|Any CPU
		{051B6555-18CA-45A6-984A-BC0818432A20}.Debug|Any CPU.Build.0 = Debug|Any CPU
		{051B6555-18CA-45A6-984A-BC0818432A20}.Release|Any CPU.ActiveCfg = Release|Any CPU
		{051B6555-18CA-45A6-984A-BC0818432A20}.Release|Any CPU.Build.0 = Release|Any CPU
		{BA285C45-9D1B-4CE7-BF97-972A4D0D8377}.Debug|Any CPU.ActiveCfg = Debug|Any CPU
		{BA285C45-9D1B-4CE7-BF97-972A4D0D8377}.Debug|Any CPU.Build.0 = Debug|Any CPU
		{BA285C45-9D1B-4CE7-BF97-972A4D0D8377}.Release|Any CPU.ActiveCfg = Release|Any CPU
		{BA285C45-9D1B-4CE7-BF97-972A4D0D8377}.Release|Any CPU.Build.0 = Release|Any CPU
	EndGlobalSection
	GlobalSection(SolutionProperties) = preSolution
		HideSolutionNode = FALSE
	EndGlobalSection
	GlobalSection(NestedProjects) = preSolution
		{BA4D7C3E-0A6C-48B9-9D7A-B8B8441B6716} = {8BA73C9C-4630-4BC0-BE76-F867B00B3BD7}
		{C12A9ABD-38DE-4538-B911-2E75FEC891BB} = {948DB1B5-4AD4-42AF-B838-96F3BCBCFED8}
		{BFC8BEF3-24D4-42FA-AFC3-0AC96B39E2CD} = {682EFFC0-8C26-455C-B785-4B4C8250E0C5}
		{F86C5BEF-3F30-4E99-B81C-A82828F2F1E2} = {948DB1B5-4AD4-42AF-B838-96F3BCBCFED8}
		{6407F7D8-EC95-4720-9AF0-FA16E1D9CF2A} = {682EFFC0-8C26-455C-B785-4B4C8250E0C5}
		{A2E57ACC-8FA0-4FEA-8B5E-DEDADAEE32EA} = {B674D345-87D0-4B7D-A32A-0E94ABFC30D1}
		{8D4AF90F-E730-4DD3-94D4-9307CFC9318E} = {B674D345-87D0-4B7D-A32A-0E94ABFC30D1}
		{16B2EFBD-A7DF-4A3E-9FC6-1AF1F60E8B10} = {BD0881FC-4083-49F5-B108-2205C691A9E4}
		{438F1A9E-539F-4974-A60E-FEB2D48DBAF2} = {BD0881FC-4083-49F5-B108-2205C691A9E4}
		{29CC0760-FF46-4BF6-AB39-C8F51A7B6020} = {1F86755A-71B2-4D6B-9F65-819B371F85C6}
		{1F86755A-71B2-4D6B-9F65-819B371F85C6} = {438F1A9E-539F-4974-A60E-FEB2D48DBAF2}
		{666CEABE-5916-4376-B819-4F4067CC5990} = {1F86755A-71B2-4D6B-9F65-819B371F85C6}
		{810A919C-D223-4F08-B70B-AB6F2BEC63CF} = {BD0881FC-4083-49F5-B108-2205C691A9E4}
		{22E54E3B-D379-40D5-A6BA-0D7AF6BA6799} = {810A919C-D223-4F08-B70B-AB6F2BEC63CF}
		{39706C76-5265-4D07-8D6A-4294814E4482} = {1F86755A-71B2-4D6B-9F65-819B371F85C6}
		{10FB57EF-0737-4EAC-A6B9-372B15A6B85C} = {39706C76-5265-4D07-8D6A-4294814E4482}
		{051B6555-18CA-45A6-984A-BC0818432A20} = {BD0881FC-4083-49F5-B108-2205C691A9E4}
		{BA285C45-9D1B-4CE7-BF97-972A4D0D8377} = {8BA73C9C-4630-4BC0-BE76-F867B00B3BD7}
		{3EC7C90F-B1E3-4D7E-A98A-925F822E2A03} = {1BF72BE4-3F51-462F-807B-DC9C87C5109C}
	EndGlobalSection
	GlobalSection(ExtensibilityGlobals) = postSolution
		SolutionGuid = {3A15E820-F957-4F4D-AE2F-6EF055C27DB8}
	EndGlobalSection
EndGlobal
